
Microsoft Visual Studio Solution File, Format Version 12.00
# Visual Studio Version 17
VisualStudioVersion = 17.8.34511.84
MinimumVisualStudioVersion = 10.0.40219.1
Project("{9A19103F-16F7-4668-BE54-9A1E7A4F7556}") = "RentWheelzAPI", "RentWheelzAPI.csproj", "{763663C4-9944-41B9-99C5-1628098F2DFE}"
EndProject
Project("{FAE04EC0-301F-11D3-BF4B-00C04F79EFBC}") = "RentWheelzOnline", "..\RentWheelzOnline\RentWheelzOnline\RentWheelzOnline.csproj", "{1DAFF3D4-7CDC-4E59-AB2C-EB2DDF780542}"
EndProject
Global
	GlobalSection(SolutionConfigurationPlatforms) = preSolution
		Debug|Any CPU = Debug|Any CPU
		Release|Any CPU = Release|Any CPU
	EndGlobalSection
	GlobalSection(ProjectConfigurationPlatforms) = postSolution
		{763663C4-9944-41B9-99C5-1628098F2DFE}.Debug|Any CPU.ActiveCfg = Debug|Any CPU
		{763663C4-9944-41B9-99C5-1628098F2DFE}.Debug|Any CPU.Build.0 = Debug|Any CPU
		{763663C4-9944-41B9-99C5-1628098F2DFE}.Release|Any CPU.ActiveCfg = Release|Any CPU
		{763663C4-9944-41B9-99C5-1628098F2DFE}.Release|Any CPU.Build.0 = Release|Any CPU
		{1DAFF3D4-7CDC-4E59-AB2C-EB2DDF780542}.Debug|Any CPU.ActiveCfg = Debug|Any CPU
		{1DAFF3D4-7CDC-4E59-AB2C-EB2DDF780542}.Debug|Any CPU.Build.0 = Debug|Any CPU
		{1DAFF3D4-7CDC-4E59-AB2C-EB2DDF780542}.Release|Any CPU.ActiveCfg = Release|Any CPU
		{1DAFF3D4-7CDC-4E59-AB2C-EB2DDF780542}.Release|Any CPU.Build.0 = Release|Any CPU
	EndGlobalSection
	GlobalSection(SolutionProperties) = preSolution
		HideSolutionNode = FALSE
	EndGlobalSection
	GlobalSection(ExtensibilityGlobals) = postSolution
		SolutionGuid = {5E394339-84BF-40BF-A404-5BF4EFFB1D98}
	EndGlobalSection
EndGlobal
